
Microsoft Visual Studio Solution File, Format Version 12.00
# Visual Studio Version 17
VisualStudioVersion = 17.12.35514.174 d17.12
MinimumVisualStudioVersion = 10.0.40219.1
Project("{FAE04EC0-301F-11D3-BF4B-00C04F79EFBC}") = "Lab6Lib", "Lab6Lib\Lab6Lib.csproj", "{418EC421-44ED-458E-B48D-3BE6E120986F}"
EndProject
Project("{FAE04EC0-301F-11D3-BF4B-00C04F79EFBC}") = "Test", "Test\Test.csproj", "{C0E1D5C3-3400-415F-94B8-644EF119E08D}"
EndProject
Global
	GlobalSection(SolutionConfigurationPlatforms) = preSolution
		Debug|Any CPU = Debug|Any CPU
		Release|Any CPU = Release|Any CPU
	EndGlobalSection
	GlobalSection(ProjectConfigurationPlatforms) = postSolution
		{418EC421-44ED-458E-B48D-3BE6E120986F}.Debug|Any CPU.ActiveCfg = Debug|Any CPU
		{418EC421-44ED-458E-B48D-3BE6E120986F}.Debug|Any CPU.Build.0 = Debug|Any CPU
		{418EC421-44ED-458E-B48D-3BE6E120986F}.Release|Any CPU.ActiveCfg = Release|Any CPU
		{418EC421-44ED-458E-B48D-3BE6E120986F}.Release|Any CPU.Build.0 = Release|Any CPU
		{C0E1D5C3-3400-415F-94B8-644EF119E08D}.Debug|Any CPU.ActiveCfg = Debug|Any CPU
		{C0E1D5C3-3400-415F-94B8-644EF119E08D}.Debug|Any CPU.Build.0 = Debug|Any CPU
		{C0E1D5C3-3400-415F-94B8-644EF119E08D}.Release|Any CPU.ActiveCfg = Release|Any CPU
		{C0E1D5C3-3400-415F-94B8-644EF119E08D}.Release|Any CPU.Build.0 = Release|Any CPU
	EndGlobalSection
	GlobalSection(SolutionProperties) = preSolution
		HideSolutionNode = FALSE
	EndGlobalSection
EndGlobal
