
Microsoft Visual Studio Solution File, Format Version 12.00
# Visual Studio Version 17
VisualStudioVersion = 17.11.35312.102
MinimumVisualStudioVersion = 10.0.40219.1
Project("{FAE04EC0-301F-11D3-BF4B-00C04F79EFBC}") = "program", "program\program.csproj", "{D75A464B-6684-4B68-BA42-6F8ACF48BFF7}"
EndProject
Global
	GlobalSection(SolutionConfigurationPlatforms) = preSolution
		Debug|Any CPU = Debug|Any CPU
		Release|Any CPU = Release|Any CPU
	EndGlobalSection
	GlobalSection(ProjectConfigurationPlatforms) = postSolution
		{D75A464B-6684-4B68-BA42-6F8ACF48BFF7}.Debug|Any CPU.ActiveCfg = Debug|Any CPU
		{D75A464B-6684-4B68-BA42-6F8ACF48BFF7}.Debug|Any CPU.Build.0 = Debug|Any CPU
		{D75A464B-6684-4B68-BA42-6F8ACF48BFF7}.Release|Any CPU.ActiveCfg = Release|Any CPU
		{D75A464B-6684-4B68-BA42-6F8ACF48BFF7}.Release|Any CPU.Build.0 = Release|Any CPU
	EndGlobalSection
	GlobalSection(SolutionProperties) = preSolution
		HideSolutionNode = FALSE
	EndGlobalSection
	GlobalSection(ExtensibilityGlobals) = postSolution
		SolutionGuid = {6DB131EE-8003-4EC0-B311-973E00E13305}
	EndGlobalSection
EndGlobal
