
Microsoft Visual Studio Solution File, Format Version 12.00
# Visual Studio Version 17
VisualStudioVersion = 17.11.35312.102
MinimumVisualStudioVersion = 10.0.40219.1
Project("{FAE04EC0-301F-11D3-BF4B-00C04F79EFBC}") = "project1", "project1\project1.csproj", "{EF7062A1-6397-4DC8-BB5F-7B625B78371B}"
EndProject
Global
	GlobalSection(SolutionConfigurationPlatforms) = preSolution
		Debug|Any CPU = Debug|Any CPU
		Release|Any CPU = Release|Any CPU
	EndGlobalSection
	GlobalSection(ProjectConfigurationPlatforms) = postSolution
		{EF7062A1-6397-4DC8-BB5F-7B625B78371B}.Debug|Any CPU.ActiveCfg = Debug|Any CPU
		{EF7062A1-6397-4DC8-BB5F-7B625B78371B}.Debug|Any CPU.Build.0 = Debug|Any CPU
		{EF7062A1-6397-4DC8-BB5F-7B625B78371B}.Release|Any CPU.ActiveCfg = Release|Any CPU
		{EF7062A1-6397-4DC8-BB5F-7B625B78371B}.Release|Any CPU.Build.0 = Release|Any CPU
	EndGlobalSection
	GlobalSection(SolutionProperties) = preSolution
		HideSolutionNode = FALSE
	EndGlobalSection
	GlobalSection(ExtensibilityGlobals) = postSolution
		SolutionGuid = {6F5D3E1A-34AA-43D7-B1E0-13D6E9FD9384}
	EndGlobalSection
EndGlobal
