
Microsoft Visual Studio Solution File, Format Version 12.00
# Visual Studio Version 17
VisualStudioVersion = 17.12.35514.174
MinimumVisualStudioVersion = 10.0.40219.1
Project("{FAE04EC0-301F-11D3-BF4B-00C04F79EFBC}") = "Lec04LibN", "Lec04LibN\Lec04LibN.csproj", "{14A58DA6-5F48-486F-8562-62CAE30BD004}"
EndProject
Project("{FAE04EC0-301F-11D3-BF4B-00C04F79EFBC}") = "Test", "Test\Test.csproj", "{72E62F81-9D41-4825-8FF7-2315DFD964B0}"
EndProject
Global
	GlobalSection(SolutionConfigurationPlatforms) = preSolution
		Debug|Any CPU = Debug|Any CPU
		Release|Any CPU = Release|Any CPU
	EndGlobalSection
	GlobalSection(ProjectConfigurationPlatforms) = postSolution
		{14A58DA6-5F48-486F-8562-62CAE30BD004}.Debug|Any CPU.ActiveCfg = Debug|Any CPU
		{14A58DA6-5F48-486F-8562-62CAE30BD004}.Debug|Any CPU.Build.0 = Debug|Any CPU
		{14A58DA6-5F48-486F-8562-62CAE30BD004}.Release|Any CPU.ActiveCfg = Release|Any CPU
		{14A58DA6-5F48-486F-8562-62CAE30BD004}.Release|Any CPU.Build.0 = Release|Any CPU
		{72E62F81-9D41-4825-8FF7-2315DFD964B0}.Debug|Any CPU.ActiveCfg = Debug|Any CPU
		{72E62F81-9D41-4825-8FF7-2315DFD964B0}.Debug|Any CPU.Build.0 = Debug|Any CPU
		{72E62F81-9D41-4825-8FF7-2315DFD964B0}.Release|Any CPU.ActiveCfg = Release|Any CPU
		{72E62F81-9D41-4825-8FF7-2315DFD964B0}.Release|Any CPU.Build.0 = Release|Any CPU
	EndGlobalSection
	GlobalSection(SolutionProperties) = preSolution
		HideSolutionNode = FALSE
	EndGlobalSection
EndGlobal
